{
  "name": "amcharts-testing",
  "version": "1.0.0",
  "lockfileVersion": 1,
  "requires": true,
  "dependencies": {
    "@amcharts/editor4": {
      "version": "4.0.0-alpha.14",
      "resolved": "https://registry.npmjs.org/@amcharts/editor4/-/editor4-4.0.0-alpha.14.tgz",
      "integrity": "sha512-XBBRpj2sdzDCv4gxNv77y/rnMkB89U3z0cpQ5SCgeZuFPJycMZFhIpyut5w8BjwjR0ResXPR77sdEzvGHyMq9Q=="
    }
  }
}
